<Solution>
  <Folder Name="/Solution Items/">
    <File Path=".editorconfig" />
  </Folder>
  <Project Path="Reserva.Contracts/Reserva.Contracts.csproj" />
  <Project Path="Reserva.Core/Reserva.Core.csproj" />
  <Project Path="Reserva.Data/Reserva.Data.csproj" />
  <Project Path="Reserva.Host/Reserva.Host.csproj" />
  <Project Path="Reserva.Services/Reserva.Services.csproj" />
  <Project Path="Reserva.Tests/Reserva.Tests.csproj" />
</Solution>
